
Microsoft Visual Studio Solution File, Format Version 12.00
# Visual Studio Version 17
VisualStudioVersion = 17.5.33424.131
MinimumVisualStudioVersion = 10.0.40219.1
Project("{FAE04EC0-301F-11D3-BF4B-00C04F79EFBC}") = "WindowsFormsApp1", "WindowsFormsApp1\WindowsFormsApp1.csproj", "{96B5588E-9EDC-4734-BA08-151FC995ADEC}"
EndProject
Global
	GlobalSection(SolutionConfigurationPlatforms) = preSolution
		Debug|Any CPU = Debug|Any CPU
		Release|Any CPU = Release|Any CPU
	EndGlobalSection
	GlobalSection(ProjectConfigurationPlatforms) = postSolution
		{96B5588E-9EDC-4734-BA08-151FC995ADEC}.Debug|Any CPU.ActiveCfg = Debug|Any CPU
		{96B5588E-9EDC-4734-BA08-151FC995ADEC}.Debug|Any CPU.Build.0 = Debug|Any CPU
		{96B5588E-9EDC-4734-BA08-151FC995ADEC}.Release|Any CPU.ActiveCfg = Release|Any CPU
		{96B5588E-9EDC-4734-BA08-151FC995ADEC}.Release|Any CPU.Build.0 = Release|Any CPU
	EndGlobalSection
	GlobalSection(SolutionProperties) = preSolution
		HideSolutionNode = FALSE
	EndGlobalSection
	GlobalSection(ExtensibilityGlobals) = postSolution
		SolutionGuid = {27E26929-1C00-433E-8406-3913696C4557}
	EndGlobalSection
EndGlobal
